
Microsoft Visual Studio Solution File, Format Version 12.00
# Visual Studio Version 17
VisualStudioVersion = 17.0.31903.59
MinimumVisualStudioVersion = 10.0.40219.1
Project("{2150E333-8FDC-42A3-9474-1A3956D46DE8}") = "domain", "domain", "{996CEBED-A05B-5D42-3FF0-982E087A2599}"
EndProject
Project("{FAE04EC0-301F-11D3-BF4B-00C04F79EFBC}") = "ComiCal.Domain", "domain\ComiCal.Domain.csproj", "{D3291D30-DBD2-4C53-8E6B-5CA248C94D2E}"
EndProject
Project("{2150E333-8FDC-42A3-9474-1A3956D46DE8}") = "shared", "shared", "{4F52FD11-658E-A102-6CD3-7D7C16FFA15B}"
EndProject
Project("{FAE04EC0-301F-11D3-BF4B-00C04F79EFBC}") = "ComiCal.Shared", "shared\ComiCal.Shared.csproj", "{7DAB532C-BF56-493C-82A9-548BEB1DB486}"
EndProject
Project("{2150E333-8FDC-42A3-9474-1A3956D46DE8}") = "application", "application", "{A74F262E-BDE7-D5D2-89E9-785413424D0A}"
EndProject
Project("{FAE04EC0-301F-11D3-BF4B-00C04F79EFBC}") = "ComiCal.Application", "application\ComiCal.Application.csproj", "{7745DB56-8DBF-45D0-8644-FB3C972E330B}"
EndProject
Project("{2150E333-8FDC-42A3-9474-1A3956D46DE8}") = "infrastructure", "infrastructure", "{DFEE68D8-A7D0-1A41-506C-9B74AA9A7B7B}"
EndProject
Project("{FAE04EC0-301F-11D3-BF4B-00C04F79EFBC}") = "ComiCal.Infrastructure", "infrastructure\ComiCal.Infrastructure.csproj", "{92F9DD90-BF0A-4509-A779-E1E98D1FF656}"
EndProject
Project("{2150E333-8FDC-42A3-9474-1A3956D46DE8}") = "api", "api", "{D82C56D6-B2CD-F611-9E31-04638F7EC30E}"
EndProject
Project("{FAE04EC0-301F-11D3-BF4B-00C04F79EFBC}") = "ComiCal.Api", "api\ComiCal.Api.csproj", "{0B8CE067-C20D-4428-993A-4A591EB7FC1D}"
EndProject
Project("{2150E333-8FDC-42A3-9474-1A3956D46DE8}") = "batch", "batch", "{D9AD2412-0D65-439C-85C1-B004DD211BBE}"
EndProject
Project("{FAE04EC0-301F-11D3-BF4B-00C04F79EFBC}") = "ComiCal.Batch", "batch\ComiCal.Batch.csproj", "{2086B206-0BB1-4C46-9B48-264CBEA6DA93}"
EndProject
Global
	GlobalSection(SolutionConfigurationPlatforms) = preSolution
		Debug|Any CPU = Debug|Any CPU
		Debug|x64 = Debug|x64
		Debug|x86 = Debug|x86
		Release|Any CPU = Release|Any CPU
		Release|x64 = Release|x64
		Release|x86 = Release|x86
	EndGlobalSection
	GlobalSection(ProjectConfigurationPlatforms) = postSolution
		{D3291D30-DBD2-4C53-8E6B-5CA248C94D2E}.Debug|Any CPU.ActiveCfg = Debug|Any CPU
		{D3291D30-DBD2-4C53-8E6B-5CA248C94D2E}.Debug|Any CPU.Build.0 = Debug|Any CPU
		{D3291D30-DBD2-4C53-8E6B-5CA248C94D2E}.Debug|x64.ActiveCfg = Debug|Any CPU
		{D3291D30-DBD2-4C53-8E6B-5CA248C94D2E}.Debug|x64.Build.0 = Debug|Any CPU
		{D3291D30-DBD2-4C53-8E6B-5CA248C94D2E}.Debug|x86.ActiveCfg = Debug|Any CPU
		{D3291D30-DBD2-4C53-8E6B-5CA248C94D2E}.Debug|x86.Build.0 = Debug|Any CPU
		{D3291D30-DBD2-4C53-8E6B-5CA248C94D2E}.Release|Any CPU.ActiveCfg = Release|Any CPU
		{D3291D30-DBD2-4C53-8E6B-5CA248C94D2E}.Release|Any CPU.Build.0 = Release|Any CPU
		{D3291D30-DBD2-4C53-8E6B-5CA248C94D2E}.Release|x64.ActiveCfg = Release|Any CPU
		{D3291D30-DBD2-4C53-8E6B-5CA248C94D2E}.Release|x64.Build.0 = Release|Any CPU
		{D3291D30-DBD2-4C53-8E6B-5CA248C94D2E}.Release|x86.ActiveCfg = Release|Any CPU
		{D3291D30-DBD2-4C53-8E6B-5CA248C94D2E}.Release|x86.Build.0 = Release|Any CPU
		{7DAB532C-BF56-493C-82A9-548BEB1DB486}.Debug|Any CPU.ActiveCfg = Debug|Any CPU
		{7DAB532C-BF56-493C-82A9-548BEB1DB486}.Debug|Any CPU.Build.0 = Debug|Any CPU
		{7DAB532C-BF56-493C-82A9-548BEB1DB486}.Debug|x64.ActiveCfg = Debug|Any CPU
		{7DAB532C-BF56-493C-82A9-548BEB1DB486}.Debug|x64.Build.0 = Debug|Any CPU
		{7DAB532C-BF56-493C-82A9-548BEB1DB486}.Debug|x86.ActiveCfg = Debug|Any CPU
		{7DAB532C-BF56-493C-82A9-548BEB1DB486}.Debug|x86.Build.0 = Debug|Any CPU
		{7DAB532C-BF56-493C-82A9-548BEB1DB486}.Release|Any CPU.ActiveCfg = Release|Any CPU
		{7DAB532C-BF56-493C-82A9-548BEB1DB486}.Release|Any CPU.Build.0 = Release|Any CPU
		{7DAB532C-BF56-493C-82A9-548BEB1DB486}.Release|x64.ActiveCfg = Release|Any CPU
		{7DAB532C-BF56-493C-82A9-548BEB1DB486}.Release|x64.Build.0 = Release|Any CPU
		{7DAB532C-BF56-493C-82A9-548BEB1DB486}.Release|x86.ActiveCfg = Release|Any CPU
		{7DAB532C-BF56-493C-82A9-548BEB1DB486}.Release|x86.Build.0 = Release|Any CPU
		{7745DB56-8DBF-45D0-8644-FB3C972E330B}.Debug|Any CPU.ActiveCfg = Debug|Any CPU
		{7745DB56-8DBF-45D0-8644-FB3C972E330B}.Debug|Any CPU.Build.0 = Debug|Any CPU
		{7745DB56-8DBF-45D0-8644-FB3C972E330B}.Debug|x64.ActiveCfg = Debug|Any CPU
		{7745DB56-8DBF-45D0-8644-FB3C972E330B}.Debug|x64.Build.0 = Debug|Any CPU
		{7745DB56-8DBF-45D0-8644-FB3C972E330B}.Debug|x86.ActiveCfg = Debug|Any CPU
		{7745DB56-8DBF-45D0-8644-FB3C972E330B}.Debug|x86.Build.0 = Debug|Any CPU
		{7745DB56-8DBF-45D0-8644-FB3C972E330B}.Release|Any CPU.ActiveCfg = Release|Any CPU
		{7745DB56-8DBF-45D0-8644-FB3C972E330B}.Release|Any CPU.Build.0 = Release|Any CPU
		{7745DB56-8DBF-45D0-8644-FB3C972E330B}.Release|x64.ActiveCfg = Release|Any CPU
		{7745DB56-8DBF-45D0-8644-FB3C972E330B}.Release|x64.Build.0 = Release|Any CPU
		{7745DB56-8DBF-45D0-8644-FB3C972E330B}.Release|x86.ActiveCfg = Release|Any CPU
		{7745DB56-8DBF-45D0-8644-FB3C972E330B}.Release|x86.Build.0 = Release|Any CPU
		{92F9DD90-BF0A-4509-A779-E1E98D1FF656}.Debug|Any CPU.ActiveCfg = Debug|Any CPU
		{92F9DD90-BF0A-4509-A779-E1E98D1FF656}.Debug|Any CPU.Build.0 = Debug|Any CPU
		{92F9DD90-BF0A-4509-A779-E1E98D1FF656}.Debug|x64.ActiveCfg = Debug|Any CPU
		{92F9DD90-BF0A-4509-A779-E1E98D1FF656}.Debug|x64.Build.0 = Debug|Any CPU
		{92F9DD90-BF0A-4509-A779-E1E98D1FF656}.Debug|x86.ActiveCfg = Debug|Any CPU
		{92F9DD90-BF0A-4509-A779-E1E98D1FF656}.Debug|x86.Build.0 = Debug|Any CPU
		{92F9DD90-BF0A-4509-A779-E1E98D1FF656}.Release|Any CPU.ActiveCfg = Release|Any CPU
		{92F9DD90-BF0A-4509-A779-E1E98D1FF656}.Release|Any CPU.Build.0 = Release|Any CPU
		{92F9DD90-BF0A-4509-A779-E1E98D1FF656}.Release|x64.ActiveCfg = Release|Any CPU
		{92F9DD90-BF0A-4509-A779-E1E98D1FF656}.Release|x64.Build.0 = Release|Any CPU
		{92F9DD90-BF0A-4509-A779-E1E98D1FF656}.Release|x86.ActiveCfg = Release|Any CPU
		{92F9DD90-BF0A-4509-A779-E1E98D1FF656}.Release|x86.Build.0 = Release|Any CPU
		{0B8CE067-C20D-4428-993A-4A591EB7FC1D}.Debug|Any CPU.ActiveCfg = Debug|Any CPU
		{0B8CE067-C20D-4428-993A-4A591EB7FC1D}.Debug|Any CPU.Build.0 = Debug|Any CPU
		{0B8CE067-C20D-4428-993A-4A591EB7FC1D}.Debug|x64.ActiveCfg = Debug|Any CPU
		{0B8CE067-C20D-4428-993A-4A591EB7FC1D}.Debug|x64.Build.0 = Debug|Any CPU
		{0B8CE067-C20D-4428-993A-4A591EB7FC1D}.Debug|x86.ActiveCfg = Debug|Any CPU
		{0B8CE067-C20D-4428-993A-4A591EB7FC1D}.Debug|x86.Build.0 = Debug|Any CPU
		{0B8CE067-C20D-4428-993A-4A591EB7FC1D}.Release|Any CPU.ActiveCfg = Release|Any CPU
		{0B8CE067-C20D-4428-993A-4A591EB7FC1D}.Release|Any CPU.Build.0 = Release|Any CPU
		{0B8CE067-C20D-4428-993A-4A591EB7FC1D}.Release|x64.ActiveCfg = Release|Any CPU
		{0B8CE067-C20D-4428-993A-4A591EB7FC1D}.Release|x64.Build.0 = Release|Any CPU
		{0B8CE067-C20D-4428-993A-4A591EB7FC1D}.Release|x86.ActiveCfg = Release|Any CPU
		{0B8CE067-C20D-4428-993A-4A591EB7FC1D}.Release|x86.Build.0 = Release|Any CPU
		{2086B206-0BB1-4C46-9B48-264CBEA6DA93}.Debug|Any CPU.ActiveCfg = Debug|Any CPU
		{2086B206-0BB1-4C46-9B48-264CBEA6DA93}.Debug|Any CPU.Build.0 = Debug|Any CPU
		{2086B206-0BB1-4C46-9B48-264CBEA6DA93}.Debug|x64.ActiveCfg = Debug|Any CPU
		{2086B206-0BB1-4C46-9B48-264CBEA6DA93}.Debug|x64.Build.0 = Debug|Any CPU
		{2086B206-0BB1-4C46-9B48-264CBEA6DA93}.Debug|x86.ActiveCfg = Debug|Any CPU
		{2086B206-0BB1-4C46-9B48-264CBEA6DA93}.Debug|x86.Build.0 = Debug|Any CPU
		{2086B206-0BB1-4C46-9B48-264CBEA6DA93}.Release|Any CPU.ActiveCfg = Release|Any CPU
		{2086B206-0BB1-4C46-9B48-264CBEA6DA93}.Release|Any CPU.Build.0 = Release|Any CPU
		{2086B206-0BB1-4C46-9B48-264CBEA6DA93}.Release|x64.ActiveCfg = Release|Any CPU
		{2086B206-0BB1-4C46-9B48-264CBEA6DA93}.Release|x64.Build.0 = Release|Any CPU
		{2086B206-0BB1-4C46-9B48-264CBEA6DA93}.Release|x86.ActiveCfg = Release|Any CPU
		{2086B206-0BB1-4C46-9B48-264CBEA6DA93}.Release|x86.Build.0 = Release|Any CPU
	EndGlobalSection
	GlobalSection(SolutionProperties) = preSolution
		HideSolutionNode = FALSE
	EndGlobalSection
	GlobalSection(NestedProjects) = preSolution
		{D3291D30-DBD2-4C53-8E6B-5CA248C94D2E} = {996CEBED-A05B-5D42-3FF0-982E087A2599}
		{7DAB532C-BF56-493C-82A9-548BEB1DB486} = {4F52FD11-658E-A102-6CD3-7D7C16FFA15B}
		{7745DB56-8DBF-45D0-8644-FB3C972E330B} = {A74F262E-BDE7-D5D2-89E9-785413424D0A}
		{92F9DD90-BF0A-4509-A779-E1E98D1FF656} = {DFEE68D8-A7D0-1A41-506C-9B74AA9A7B7B}
		{0B8CE067-C20D-4428-993A-4A591EB7FC1D} = {D82C56D6-B2CD-F611-9E31-04638F7EC30E}
		{2086B206-0BB1-4C46-9B48-264CBEA6DA93} = {D9AD2412-0D65-439C-85C1-B004DD211BBE}
	EndGlobalSection
EndGlobal
