
Microsoft Visual Studio Solution File, Format Version 12.00
# Visual Studio Version 17
VisualStudioVersion = 17.0.31512.422
MinimumVisualStudioVersion = 10.0.40219.1
Project("{FAE04EC0-301F-11D3-BF4B-00C04F79EFBC}") = "Comical.Api", "Comical.Api\Comical.Api.csproj", "{2BF8A5A1-584D-43D0-8FA0-91F3827CF5AD}"
EndProject
Global
	GlobalSection(SolutionConfigurationPlatforms) = preSolution
		Debug|Any CPU = Debug|Any CPU
		Release|Any CPU = Release|Any CPU
	EndGlobalSection
	GlobalSection(ProjectConfigurationPlatforms) = postSolution
		{2BF8A5A1-584D-43D0-8FA0-91F3827CF5AD}.Debug|Any CPU.ActiveCfg = Debug|Any CPU
		{2BF8A5A1-584D-43D0-8FA0-91F3827CF5AD}.Debug|Any CPU.Build.0 = Debug|Any CPU
		{2BF8A5A1-584D-43D0-8FA0-91F3827CF5AD}.Release|Any CPU.ActiveCfg = Release|Any CPU
		{2BF8A5A1-584D-43D0-8FA0-91F3827CF5AD}.Release|Any CPU.Build.0 = Release|Any CPU
	EndGlobalSection
	GlobalSection(SolutionProperties) = preSolution
		HideSolutionNode = FALSE
	EndGlobalSection
	GlobalSection(ExtensibilityGlobals) = postSolution
		SolutionGuid = {80E4CB04-9198-488D-8F28-C917E3ABF727}
	EndGlobalSection
EndGlobal
